// !$*UTF8*$!
{
	archiveVersion = 1;
	classes = {
	};
	objectVersion = 55;
	objects = {

/* Begin PBXBuildFile section */
		BFE5C0CA29224BE10086E989 /* AppDelegate.swift in Sources */ = {isa = PBXBuildFile; fileRef = BFE5C0C929224BE10086E989 /* AppDelegate.swift */; };
		BFE5C0CC29224BE10086E989 /* SceneDelegate.swift in Sources */ = {isa = PBXBuildFile; fileRef = BFE5C0CB29224BE10086E989 /* SceneDelegate.swift */; };
		BFE5C0D329224BE20086E989 /* Assets.xcassets in Resources */ = {isa = PBXBuildFile; fileRef = BFE5C0D229224BE20086E989 /* Assets.xcassets */; };
		BFE5C0D629224BE20086E989 /* LaunchScreen.storyboard in Resources */ = {isa = PBXBuildFile; fileRef = BFE5C0D429224BE20086E989 /* LaunchScreen.storyboard */; };
		BFE5C0DE29224CAC0086E989 /* StartViewController.swift in Sources */ = {isa = PBXBuildFile; fileRef = BFE5C0DD29224CAC0086E989 /* StartViewController.swift */; };
		BFE5C0E429224ED80086E989 /* Constants.swift in Sources */ = {isa = PBXBuildFile; fileRef = BFE5C0E329224ED80086E989 /* Constants.swift */; };
		BFE5C0E62922504F0086E989 /* CharacterTableViewCell.swift in Sources */ = {isa = PBXBuildFile; fileRef = BFE5C0E52922504F0086E989 /* CharacterTableViewCell.swift */; };
		BFE5C0E92922512D0086E989 /* UIColor.swift in Sources */ = {isa = PBXBuildFile; fileRef = BFE5C0E82922512D0086E989 /* UIColor.swift */; };
		BFE5C0ED29225F3F0086E989 /* UIImageView+loadImage.swift in Sources */ = {isa = PBXBuildFile; fileRef = BFE5C0EC29225F3F0086E989 /* UIImageView+loadImage.swift */; };
		BFE5C0EF292261390086E989 /* DataModel.swift in Sources */ = {isa = PBXBuildFile; fileRef = BFE5C0EE292261390086E989 /* DataModel.swift */; };
		BFE5C0F1292262290086E989 /* DataService.swift in Sources */ = {isa = PBXBuildFile; fileRef = BFE5C0F0292262290086E989 /* DataService.swift */; };
		BFE5C0F629228DCC0086E989 /* StartViewController+UITableViewDelegate.swift in Sources */ = {isa = PBXBuildFile; fileRef = BFE5C0F529228DCC0086E989 /* StartViewController+UITableViewDelegate.swift */; };
		BFE5C0F829228E050086E989 /* StartViewController+UITableViewDataSource.swift in Sources */ = {isa = PBXBuildFile; fileRef = BFE5C0F729228E050086E989 /* StartViewController+UITableViewDataSource.swift */; };
		BFE5C0FA2922A88C0086E989 /* UIImage.swift in Sources */ = {isa = PBXBuildFile; fileRef = BFE5C0F92922A88C0086E989 /* UIImage.swift */; };
		BFE5C0FE2922B1B80086E989 /* UITableViewCell+showAlert.swift in Sources */ = {isa = PBXBuildFile; fileRef = BFE5C0FD2922B1B80086E989 /* UITableViewCell+showAlert.swift */; };
		BFE5C1002922B34D0086E989 /* NSObject+lock.swift in Sources */ = {isa = PBXBuildFile; fileRef = BFE5C0FF2922B34D0086E989 /* NSObject+lock.swift */; };
/* End PBXBuildFile section */

/* Begin PBXFileReference section */
		BFE5C0C629224BE10086E989 /* Rick.app */ = {isa = PBXFileReference; explicitFileType = wrapper.application; includeInIndex = 0; path = Rick.app; sourceTree = BUILT_PRODUCTS_DIR; };
		BFE5C0C929224BE10086E989 /* AppDelegate.swift */ = {isa = PBXFileReference; lastKnownFileType = sourcecode.swift; path = AppDelegate.swift; sourceTree = "<group>"; };
		BFE5C0CB29224BE10086E989 /* SceneDelegate.swift */ = {isa = PBXFileReference; lastKnownFileType = sourcecode.swift; path = SceneDelegate.swift; sourceTree = "<group>"; };
		BFE5C0D229224BE20086E989 /* Assets.xcassets */ = {isa = PBXFileReference; lastKnownFileType = folder.assetcatalog; path = Assets.xcassets; sourceTree = "<group>"; };
		BFE5C0D529224BE20086E989 /* Base */ = {isa = PBXFileReference; lastKnownFileType = file.storyboard; name = Base; path = Base.lproj/LaunchScreen.storyboard; sourceTree = "<group>"; };
		BFE5C0D729224BE20086E989 /* Info.plist */ = {isa = PBXFileReference; lastKnownFileType = text.plist.xml; path = Info.plist; sourceTree = "<group>"; };
		BFE5C0DD29224CAC0086E989 /* StartViewController.swift */ = {isa = PBXFileReference; lastKnownFileType = sourcecode.swift; path = StartViewController.swift; sourceTree = "<group>"; };
		BFE5C0E329224ED80086E989 /* Constants.swift */ = {isa = PBXFileReference; lastKnownFileType = sourcecode.swift; path = Constants.swift; sourceTree = "<group>"; };
		BFE5C0E52922504F0086E989 /* CharacterTableViewCell.swift */ = {isa = PBXFileReference; lastKnownFileType = sourcecode.swift; path = CharacterTableViewCell.swift; sourceTree = "<group>"; };
		BFE5C0E82922512D0086E989 /* UIColor.swift */ = {isa = PBXFileReference; lastKnownFileType = sourcecode.swift; path = UIColor.swift; sourceTree = "<group>"; };
		BFE5C0EC29225F3F0086E989 /* UIImageView+loadImage.swift */ = {isa = PBXFileReference; lastKnownFileType = sourcecode.swift; path = "UIImageView+loadImage.swift"; sourceTree = "<group>"; };
		BFE5C0EE292261390086E989 /* DataModel.swift */ = {isa = PBXFileReference; lastKnownFileType = sourcecode.swift; path = DataModel.swift; sourceTree = "<group>"; };
		BFE5C0F0292262290086E989 /* DataService.swift */ = {isa = PBXFileReference; lastKnownFileType = sourcecode.swift; path = DataService.swift; sourceTree = "<group>"; };
		BFE5C0F529228DCC0086E989 /* StartViewController+UITableViewDelegate.swift */ = {isa = PBXFileReference; lastKnownFileType = sourcecode.swift; path = "StartViewController+UITableViewDelegate.swift"; sourceTree = "<group>"; };
		BFE5C0F729228E050086E989 /* StartViewController+UITableViewDataSource.swift */ = {isa = PBXFileReference; lastKnownFileType = sourcecode.swift; path = "StartViewController+UITableViewDataSource.swift"; sourceTree = "<group>"; };
		BFE5C0F92922A88C0086E989 /* UIImage.swift */ = {isa = PBXFileReference; lastKnownFileType = sourcecode.swift; path = UIImage.swift; sourceTree = "<group>"; };
		BFE5C0FD2922B1B80086E989 /* UITableViewCell+showAlert.swift */ = {isa = PBXFileReference; lastKnownFileType = sourcecode.swift; path = "UITableViewCell+showAlert.swift"; sourceTree = "<group>"; };
		BFE5C0FF2922B34D0086E989 /* NSObject+lock.swift */ = {isa = PBXFileReference; lastKnownFileType = sourcecode.swift; path = "NSObject+lock.swift"; sourceTree = "<group>"; };
/* End PBXFileReference section */

/* Begin PBXFrameworksBuildPhase section */
		BFE5C0C329224BE10086E989 /* Frameworks */ = {
			isa = PBXFrameworksBuildPhase;
			buildActionMask = 2147483647;
			files = (
			);
			runOnlyForDeploymentPostprocessing = 0;
		};
/* End PBXFrameworksBuildPhase section */

/* Begin PBXGroup section */
		BFE5C0BD29224BE10086E989 = {
			isa = PBXGroup;
			children = (
				BFE5C0C829224BE10086E989 /* Rick */,
				BFE5C0C729224BE10086E989 /* Products */,
			);
			sourceTree = "<group>";
		};
		BFE5C0C729224BE10086E989 /* Products */ = {
			isa = PBXGroup;
			children = (
				BFE5C0C629224BE10086E989 /* Rick.app */,
			);
			name = Products;
			sourceTree = "<group>";
		};
		BFE5C0C829224BE10086E989 /* Rick */ = {
			isa = PBXGroup;
			children = (
				BFE5C0E029224D690086E989 /* Aplication */,
				BFE5C0E129224D800086E989 /* Controllers */,
				BFE5C0EA29225E9F0086E989 /* Core */,
				BFE5C0F429228DAF0086E989 /* Extension */,
				BFE5C0E229224ECD0086E989 /* Models */,
				BFE5C0DF29224D320086E989 /* Resource */,
				BFE5C0EB29225EAD0086E989 /* Views */,
			);
			path = Rick;
			sourceTree = "<group>";
		};
		BFE5C0DF29224D320086E989 /* Resource */ = {
			isa = PBXGroup;
			children = (
				BFE5C0D229224BE20086E989 /* Assets.xcassets */,
				BFE5C0D429224BE20086E989 /* LaunchScreen.storyboard */,
				BFE5C0D729224BE20086E989 /* Info.plist */,
			);
			path = Resource;
			sourceTree = "<group>";
		};
		BFE5C0E029224D690086E989 /* Aplication */ = {
			isa = PBXGroup;
			children = (
				BFE5C0C929224BE10086E989 /* AppDelegate.swift */,
				BFE5C0CB29224BE10086E989 /* SceneDelegate.swift */,
			);
			path = Aplication;
			sourceTree = "<group>";
		};
		BFE5C0E129224D800086E989 /* Controllers */ = {
			isa = PBXGroup;
			children = (
				BFE5C0DD29224CAC0086E989 /* StartViewController.swift */,
			);
			path = Controllers;
			sourceTree = "<group>";
		};
		BFE5C0E229224ECD0086E989 /* Models */ = {
			isa = PBXGroup;
			children = (
				BFE5C0E329224ED80086E989 /* Constants.swift */,
				BFE5C0EE292261390086E989 /* DataModel.swift */,
				BFE5C0F0292262290086E989 /* DataService.swift */,
			);
			path = Models;
			sourceTree = "<group>";
		};
		BFE5C0E7292251200086E989 /* Extension */ = {
			isa = PBXGroup;
			children = (
				BFE5C0E82922512D0086E989 /* UIColor.swift */,
				BFE5C0EC29225F3F0086E989 /* UIImageView+loadImage.swift */,
				BFE5C0F92922A88C0086E989 /* UIImage.swift */,
				BFE5C0FD2922B1B80086E989 /* UITableViewCell+showAlert.swift */,
				BFE5C0FF2922B34D0086E989 /* NSObject+lock.swift */,
			);
			path = Extension;
			sourceTree = "<group>";
		};
		BFE5C0EA29225E9F0086E989 /* Core */ = {
			isa = PBXGroup;
			children = (
				BFE5C0E7292251200086E989 /* Extension */,
			);
			path = Core;
			sourceTree = "<group>";
		};
		BFE5C0EB29225EAD0086E989 /* Views */ = {
			isa = PBXGroup;
			children = (
				BFE5C0E52922504F0086E989 /* CharacterTableViewCell.swift */,
			);
			path = Views;
			sourceTree = "<group>";
		};
		BFE5C0F429228DAF0086E989 /* Extension */ = {
			isa = PBXGroup;
			children = (
				BFE5C0F529228DCC0086E989 /* StartViewController+UITableViewDelegate.swift */,
				BFE5C0F729228E050086E989 /* StartViewController+UITableViewDataSource.swift */,
			);
			path = Extension;
			sourceTree = "<group>";
		};
/* End PBXGroup section */

/* Begin PBXNativeTarget section */
		BFE5C0C529224BE10086E989 /* Rick */ = {
			isa = PBXNativeTarget;
			buildConfigurationList = BFE5C0DA29224BE20086E989 /* Build configuration list for PBXNativeTarget "Rick" */;
			buildPhases = (
				BFE5C0C229224BE10086E989 /* Sources */,
				BFE5C0C329224BE10086E989 /* Frameworks */,
				BFE5C0C429224BE10086E989 /* Resources */,
			);
			buildRules = (
			);
			dependencies = (
			);
			name = Rick;
			productName = Rick;
			productReference = BFE5C0C629224BE10086E989 /* Rick.app */;
			productType = "com.apple.product-type.application";
		};
/* End PBXNativeTarget section */

/* Begin PBXProject section */
		BFE5C0BE29224BE10086E989 /* Project object */ = {
			isa = PBXProject;
			attributes = {
				BuildIndependentTargetsInParallel = 1;
				LastSwiftUpdateCheck = 1400;
				LastUpgradeCheck = 1400;
				TargetAttributes = {
					BFE5C0C529224BE10086E989 = {
						CreatedOnToolsVersion = 14.0.1;
					};
				};
			};
			buildConfigurationList = BFE5C0C129224BE10086E989 /* Build configuration list for PBXProject "Rick" */;
			compatibilityVersion = "Xcode 13.0";
			developmentRegion = en;
			hasScannedForEncodings = 0;
			knownRegions = (
				en,
				Base,
			);
			mainGroup = BFE5C0BD29224BE10086E989;
			productRefGroup = BFE5C0C729224BE10086E989 /* Products */;
			projectDirPath = "";
			projectRoot = "";
			targets = (
				BFE5C0C529224BE10086E989 /* Rick */,
			);
		};
/* End PBXProject section */

/* Begin PBXResourcesBuildPhase section */
		BFE5C0C429224BE10086E989 /* Resources */ = {
			isa = PBXResourcesBuildPhase;
			buildActionMask = 2147483647;
			files = (
				BFE5C0D629224BE20086E989 /* LaunchScreen.storyboard in Resources */,
				BFE5C0D329224BE20086E989 /* Assets.xcassets in Resources */,
			);
			runOnlyForDeploymentPostprocessing = 0;
		};
/* End PBXResourcesBuildPhase section */

/* Begin PBXSourcesBuildPhase section */
		BFE5C0C229224BE10086E989 /* Sources */ = {
			isa = PBXSourcesBuildPhase;
			buildActionMask = 2147483647;
			files = (
				BFE5C1002922B34D0086E989 /* NSObject+lock.swift in Sources */,
				BFE5C0F629228DCC0086E989 /* StartViewController+UITableViewDelegate.swift in Sources */,
				BFE5C0F1292262290086E989 /* DataService.swift in Sources */,
				BFE5C0CA29224BE10086E989 /* AppDelegate.swift in Sources */,
				BFE5C0E92922512D0086E989 /* UIColor.swift in Sources */,
				BFE5C0CC29224BE10086E989 /* SceneDelegate.swift in Sources */,
				BFE5C0E62922504F0086E989 /* CharacterTableViewCell.swift in Sources */,
				BFE5C0F829228E050086E989 /* StartViewController+UITableViewDataSource.swift in Sources */,
				BFE5C0DE29224CAC0086E989 /* StartViewController.swift in Sources */,
				BFE5C0EF292261390086E989 /* DataModel.swift in Sources */,
				BFE5C0FE2922B1B80086E989 /* UITableViewCell+showAlert.swift in Sources */,
				BFE5C0FA2922A88C0086E989 /* UIImage.swift in Sources */,
				BFE5C0E429224ED80086E989 /* Constants.swift in Sources */,
				BFE5C0ED29225F3F0086E989 /* UIImageView+loadImage.swift in Sources */,
			);
			runOnlyForDeploymentPostprocessing = 0;
		};
/* End PBXSourcesBuildPhase section */

/* Begin PBXVariantGroup section */
		BFE5C0D429224BE20086E989 /* LaunchScreen.storyboard */ = {
			isa = PBXVariantGroup;
			children = (
				BFE5C0D529224BE20086E989 /* Base */,
			);
			name = LaunchScreen.storyboard;
			sourceTree = "<group>";
		};
/* End PBXVariantGroup section */

/* Begin XCBuildConfiguration section */
		BFE5C0D829224BE20086E989 /* Debug */ = {
			isa = XCBuildConfiguration;
			buildSettings = {
				ALWAYS_SEARCH_USER_PATHS = NO;
				CLANG_ANALYZER_NONNULL = YES;
				CLANG_ANALYZER_NUMBER_OBJECT_CONVERSION = YES_AGGRESSIVE;
				CLANG_CXX_LANGUAGE_STANDARD = "gnu++20";
				CLANG_ENABLE_MODULES = YES;
				CLANG_ENABLE_OBJC_ARC = YES;
				CLANG_ENABLE_OBJC_WEAK = YES;
				CLANG_WARN_BLOCK_CAPTURE_AUTORELEASING = YES;
				CLANG_WARN_BOOL_CONVERSION = YES;
				CLANG_WARN_COMMA = YES;
				CLANG_WARN_CONSTANT_CONVERSION = YES;
				CLANG_WARN_DEPRECATED_OBJC_IMPLEMENTATIONS = YES;
				CLANG_WARN_DIRECT_OBJC_ISA_USAGE = YES_ERROR;
				CLANG_WARN_DOCUMENTATION_COMMENTS = YES;
				CLANG_WARN_EMPTY_BODY = YES;
				CLANG_WARN_ENUM_CONVERSION = YES;
				CLANG_WARN_INFINITE_RECURSION = YES;
				CLANG_WARN_INT_CONVERSION = YES;
				CLANG_WARN_NON_LITERAL_NULL_CONVERSION = YES;
				CLANG_WARN_OBJC_IMPLICIT_RETAIN_SELF = YES;
				CLANG_WARN_OBJC_LITERAL_CONVERSION = YES;
				CLANG_WARN_OBJC_ROOT_CLASS = YES_ERROR;
				CLANG_WARN_QUOTED_INCLUDE_IN_FRAMEWORK_HEADER = YES;
				CLANG_WARN_RANGE_LOOP_ANALYSIS = YES;
				CLANG_WARN_STRICT_PROTOTYPES = YES;
				CLANG_WARN_SUSPICIOUS_MOVE = YES;
				CLANG_WARN_UNGUARDED_AVAILABILITY = YES_AGGRESSIVE;
				CLANG_WARN_UNREACHABLE_CODE = YES;
				CLANG_WARN__DUPLICATE_METHOD_MATCH = YES;
				COPY_PHASE_STRIP = NO;
				DEBUG_INFORMATION_FORMAT = dwarf;
				ENABLE_STRICT_OBJC_MSGSEND = YES;
				ENABLE_TESTABILITY = YES;
				GCC_C_LANGUAGE_STANDARD = gnu11;
				GCC_DYNAMIC_NO_PIC = NO;
				GCC_NO_COMMON_BLOCKS = YES;
				GCC_OPTIMIZATION_LEVEL = 0;
				GCC_PREPROCESSOR_DEFINITIONS = (
					"DEBUG=1",
					"$(inherited)",
				);
				GCC_WARN_64_TO_32_BIT_CONVERSION = YES;
				GCC_WARN_ABOUT_RETURN_TYPE = YES_ERROR;
				GCC_WARN_UNDECLARED_SELECTOR = YES;
				GCC_WARN_UNINITIALIZED_AUTOS = YES_AGGRESSIVE;
				GCC_WARN_UNUSED_FUNCTION = YES;
				GCC_WARN_UNUSED_VARIABLE = YES;
				IPHONEOS_DEPLOYMENT_TARGET = 15.0;
				MTL_ENABLE_DEBUG_INFO = INCLUDE_SOURCE;
				MTL_FAST_MATH = YES;
				ONLY_ACTIVE_ARCH = YES;
				SDKROOT = iphoneos;
				SWIFT_ACTIVE_COMPILATION_CONDITIONS = DEBUG;
				SWIFT_OPTIMIZATION_LEVEL = "-Onone";
			};
			name = Debug;
		};
		BFE5C0D929224BE20086E989 /* Release */ = {
			isa = XCBuildConfiguration;
			buildSettings = {
				ALWAYS_SEARCH_USER_PATHS = NO;
				CLANG_ANALYZER_NONNULL = YES;
				CLANG_ANALYZER_NUMBER_OBJECT_CONVERSION = YES_AGGRESSIVE;
				CLANG_CXX_LANGUAGE_STANDARD = "gnu++20";
				CLANG_ENABLE_MODULES = YES;
				CLANG_ENABLE_OBJC_ARC = YES;
				CLANG_ENABLE_OBJC_WEAK = YES;
				CLANG_WARN_BLOCK_CAPTURE_AUTORELEASING = YES;
				CLANG_WARN_BOOL_CONVERSION = YES;
				CLANG_WARN_COMMA = YES;
				CLANG_WARN_CONSTANT_CONVERSION = YES;
				CLANG_WARN_DEPRECATED_OBJC_IMPLEMENTATIONS = YES;
				CLANG_WARN_DIRECT_OBJC_ISA_USAGE = YES_ERROR;
				CLANG_WARN_DOCUMENTATION_COMMENTS = YES;
				CLANG_WARN_EMPTY_BODY = YES;
				CLANG_WARN_ENUM_CONVERSION = YES;
				CLANG_WARN_INFINITE_RECURSION = YES;
				CLANG_WARN_INT_CONVERSION = YES;
				CLANG_WARN_NON_LITERAL_NULL_CONVERSION = YES;
				CLANG_WARN_OBJC_IMPLICIT_RETAIN_SELF = YES;
				CLANG_WARN_OBJC_LITERAL_CONVERSION = YES;
				CLANG_WARN_OBJC_ROOT_CLASS = YES_ERROR;
				CLANG_WARN_QUOTED_INCLUDE_IN_FRAMEWORK_HEADER = YES;
				CLANG_WARN_RANGE_LOOP_ANALYSIS = YES;
				CLANG_WARN_STRICT_PROTOTYPES = YES;
				CLANG_WARN_SUSPICIOUS_MOVE = YES;
				CLANG_WARN_UNGUARDED_AVAILABILITY = YES_AGGRESSIVE;
				CLANG_WARN_UNREACHABLE_CODE = YES;
				CLANG_WARN__DUPLICATE_METHOD_MATCH = YES;
				COPY_PHASE_STRIP = NO;
				DEBUG_INFORMATION_FORMAT = "dwarf-with-dsym";
				ENABLE_NS_ASSERTIONS = NO;
				ENABLE_STRICT_OBJC_MSGSEND = YES;
				GCC_C_LANGUAGE_STANDARD = gnu11;
				GCC_NO_COMMON_BLOCKS = YES;
				GCC_WARN_64_TO_32_BIT_CONVERSION = YES;
				GCC_WARN_ABOUT_RETURN_TYPE = YES_ERROR;
				GCC_WARN_UNDECLARED_SELECTOR = YES;
				GCC_WARN_UNINITIALIZED_AUTOS = YES_AGGRESSIVE;
				GCC_WARN_UNUSED_FUNCTION = YES;
				GCC_WARN_UNUSED_VARIABLE = YES;
				IPHONEOS_DEPLOYMENT_TARGET = 15.0;
				MTL_ENABLE_DEBUG_INFO = NO;
				MTL_FAST_MATH = YES;
				SDKROOT = iphoneos;
				SWIFT_COMPILATION_MODE = wholemodule;
				SWIFT_OPTIMIZATION_LEVEL = "-O";
				VALIDATE_PRODUCT = YES;
			};
			name = Release;
		};
		BFE5C0DB29224BE20086E989 /* Debug */ = {
			isa = XCBuildConfiguration;
			buildSettings = {
				ASSETCATALOG_COMPILER_APPICON_NAME = AppIcon;
				ASSETCATALOG_COMPILER_GLOBAL_ACCENT_COLOR_NAME = AccentColor;
				CODE_SIGN_STYLE = Automatic;
				CURRENT_PROJECT_VERSION = 1;
				DEVELOPMENT_TEAM = 7394NAD58Z;
				GENERATE_INFOPLIST_FILE = YES;
				INFOPLIST_FILE = Rick/Resource/Info.plist;
				INFOPLIST_KEY_LSApplicationCategoryType = "";
				INFOPLIST_KEY_UIApplicationSupportsIndirectInputEvents = YES;
				INFOPLIST_KEY_UILaunchStoryboardName = LaunchScreen;
				INFOPLIST_KEY_UIMainStoryboardFile = "";
				INFOPLIST_KEY_UISupportedInterfaceOrientations_iPad = "UIInterfaceOrientationPortrait UIInterfaceOrientationPortraitUpsideDown UIInterfaceOrientationLandscapeLeft UIInterfaceOrientationLandscapeRight";
				INFOPLIST_KEY_UISupportedInterfaceOrientations_iPhone = "UIInterfaceOrientationPortrait UIInterfaceOrientationLandscapeLeft UIInterfaceOrientationLandscapeRight";
				IPHONEOS_DEPLOYMENT_TARGET = 15.0;
				LD_RUNPATH_SEARCH_PATHS = (
					"$(inherited)",
					"@executable_path/Frameworks",
				);
				MARKETING_VERSION = 1.0;
				PRODUCT_BUNDLE_IDENTIFIER = "Koval-Mark.Rick";
				PRODUCT_NAME = "$(TARGET_NAME)";
				SUPPORTED_PLATFORMS = "iphoneos iphonesimulator";
				SUPPORTS_MACCATALYST = NO;
				SUPPORTS_MAC_DESIGNED_FOR_IPHONE_IPAD = NO;
				SWIFT_EMIT_LOC_STRINGS = YES;
				SWIFT_VERSION = 5.0;
				TARGETED_DEVICE_FAMILY = "1,2";
			};
			name = Debug;
		};
		BFE5C0DC29224BE20086E989 /* Release */ = {
			isa = XCBuildConfiguration;
			buildSettings = {
				ASSETCATALOG_COMPILER_APPICON_NAME = AppIcon;
				ASSETCATALOG_COMPILER_GLOBAL_ACCENT_COLOR_NAME = AccentColor;
				CODE_SIGN_STYLE = Automatic;
				CURRENT_PROJECT_VERSION = 1;
				DEVELOPMENT_TEAM = 7394NAD58Z;
				GENERATE_INFOPLIST_FILE = YES;
				INFOPLIST_FILE = Rick/Resource/Info.plist;
				INFOPLIST_KEY_LSApplicationCategoryType = "";
				INFOPLIST_KEY_UIApplicationSupportsIndirectInputEvents = YES;
				INFOPLIST_KEY_UILaunchStoryboardName = LaunchScreen;
				INFOPLIST_KEY_UIMainStoryboardFile = "";
				INFOPLIST_KEY_UISupportedInterfaceOrientations_iPad = "UIInterfaceOrientationPortrait UIInterfaceOrientationPortraitUpsideDown UIInterfaceOrientationLandscapeLeft UIInterfaceOrientationLandscapeRight";
				INFOPLIST_KEY_UISupportedInterfaceOrientations_iPhone = "UIInterfaceOrientationPortrait UIInterfaceOrientationLandscapeLeft UIInterfaceOrientationLandscapeRight";
				IPHONEOS_DEPLOYMENT_TARGET = 15.0;
				LD_RUNPATH_SEARCH_PATHS = (
					"$(inherited)",
					"@executable_path/Frameworks",
				);
				MARKETING_VERSION = 1.0;
				PRODUCT_BUNDLE_IDENTIFIER = "Koval-Mark.Rick";
				PRODUCT_NAME = "$(TARGET_NAME)";
				SUPPORTED_PLATFORMS = "iphoneos iphonesimulator";
				SUPPORTS_MACCATALYST = NO;
				SUPPORTS_MAC_DESIGNED_FOR_IPHONE_IPAD = NO;
				SWIFT_EMIT_LOC_STRINGS = YES;
				SWIFT_VERSION = 5.0;
				TARGETED_DEVICE_FAMILY = "1,2";
			};
			name = Release;
		};
/* End XCBuildConfiguration section */

/* Begin XCConfigurationList section */
		BFE5C0C129224BE10086E989 /* Build configuration list for PBXProject "Rick" */ = {
			isa = XCConfigurationList;
			buildConfigurations = (
				BFE5C0D829224BE20086E989 /* Debug */,
				BFE5C0D929224BE20086E989 /* Release */,
			);
			defaultConfigurationIsVisible = 0;
			defaultConfigurationName = Release;
		};
		BFE5C0DA29224BE20086E989 /* Build configuration list for PBXNativeTarget "Rick" */ = {
			isa = XCConfigurationList;
			buildConfigurations = (
				BFE5C0DB29224BE20086E989 /* Debug */,
				BFE5C0DC29224BE20086E989 /* Release */,
			);
			defaultConfigurationIsVisible = 0;
			defaultConfigurationName = Release;
		};
/* End XCConfigurationList section */
	};
	rootObject = BFE5C0BE29224BE10086E989 /* Project object */;
}
